
Microsoft Visual Studio Solution File, Format Version 12.00
# Visual Studio 15
VisualStudioVersion = 15.0.28010.2046
MinimumVisualStudioVersion = 10.0.40219.1
Project("{FAE04EC0-301F-11D3-BF4B-00C04F79EFBC}") = "Memento Pattern", "Memento Pattern\Memento Pattern.csproj", "{EEAF23CB-5D85-4551-97FE-5A5AE530C150}"
EndProject
Global
	GlobalSection(SolutionConfigurationPlatforms) = preSolution
		Debug|Any CPU = Debug|Any CPU
		Release|Any CPU = Release|Any CPU
	EndGlobalSection
	GlobalSection(ProjectConfigurationPlatforms) = postSolution
		{EEAF23CB-5D85-4551-97FE-5A5AE530C150}.Debug|Any CPU.ActiveCfg = Debug|Any CPU
		{EEAF23CB-5D85-4551-97FE-5A5AE530C150}.Debug|Any CPU.Build.0 = Debug|Any CPU
		{EEAF23CB-5D85-4551-97FE-5A5AE530C150}.Release|Any CPU.ActiveCfg = Release|Any CPU
		{EEAF23CB-5D85-4551-97FE-5A5AE530C150}.Release|Any CPU.Build.0 = Release|Any CPU
	EndGlobalSection
	GlobalSection(SolutionProperties) = preSolution
		HideSolutionNode = FALSE
	EndGlobalSection
	GlobalSection(ExtensibilityGlobals) = postSolution
		SolutionGuid = {3E7E34C4-DCD7-4ACC-90B9-9822076C1979}
	EndGlobalSection
EndGlobal
